// !$*UTF8*$!
{
	archiveVersion = 1;
	classes = {
	};
	objectVersion = 50;
	objects = {

/* Begin PBXBuildFile section */
		22BED1A7260A8985008BBD4C /* AppDelegate.swift in Sources */ = {isa = PBXBuildFile; fileRef = 22BED1A6260A8985008BBD4C /* AppDelegate.swift */; };
		22BED1A9260A8985008BBD4C /* SceneDelegate.swift in Sources */ = {isa = PBXBuildFile; fileRef = 22BED1A8260A8985008BBD4C /* SceneDelegate.swift */; };
		22BED1AB260A8985008BBD4C /* ViewController.swift in Sources */ = {isa = PBXBuildFile; fileRef = 22BED1AA260A8985008BBD4C /* ViewController.swift */; };
		22BED1AE260A8985008BBD4C /* Main.storyboard in Resources */ = {isa = PBXBuildFile; fileRef = 22BED1AC260A8985008BBD4C /* Main.storyboard */; };
		22BED1B0260A8986008BBD4C /* Assets.xcassets in Resources */ = {isa = PBXBuildFile; fileRef = 22BED1AF260A8986008BBD4C /* Assets.xcassets */; };
		22BED1B3260A8986008BBD4C /* LaunchScreen.storyboard in Resources */ = {isa = PBXBuildFile; fileRef = 22BED1B1260A8986008BBD4C /* LaunchScreen.storyboard */; };
		F06671EA260BD4F700D8E474 /* ViewControllerOperacionViewController.swift in Sources */ = {isa = PBXBuildFile; fileRef = F06671E9260BD4F700D8E474 /* ViewControllerOperacionViewController.swift */; };
/* End PBXBuildFile section */

/* Begin PBXFileReference section */
		22BED1A3260A8985008BBD4C /* Primer ParcialV4F21.app */ = {isa = PBXFileReference; explicitFileType = wrapper.application; includeInIndex = 0; path = "Primer ParcialV4F21.app"; sourceTree = BUILT_PRODUCTS_DIR; };
		22BED1A6260A8985008BBD4C /* AppDelegate.swift */ = {isa = PBXFileReference; lastKnownFileType = sourcecode.swift; path = AppDelegate.swift; sourceTree = "<group>"; };
		22BED1A8260A8985008BBD4C /* SceneDelegate.swift */ = {isa = PBXFileReference; lastKnownFileType = sourcecode.swift; path = SceneDelegate.swift; sourceTree = "<group>"; };
		22BED1AA260A8985008BBD4C /* ViewController.swift */ = {isa = PBXFileReference; lastKnownFileType = sourcecode.swift; path = ViewController.swift; sourceTree = "<group>"; };
		22BED1AD260A8985008BBD4C /* Base */ = {isa = PBXFileReference; lastKnownFileType = file.storyboard; name = Base; path = Base.lproj/Main.storyboard; sourceTree = "<group>"; };
		22BED1AF260A8986008BBD4C /* Assets.xcassets */ = {isa = PBXFileReference; lastKnownFileType = folder.assetcatalog; path = Assets.xcassets; sourceTree = "<group>"; };
		22BED1B2260A8986008BBD4C /* Base */ = {isa = PBXFileReference; lastKnownFileType = file.storyboard; name = Base; path = Base.lproj/LaunchScreen.storyboard; sourceTree = "<group>"; };
		22BED1B4260A8986008BBD4C /* Info.plist */ = {isa = PBXFileReference; lastKnownFileType = text.plist.xml; path = Info.plist; sourceTree = "<group>"; };
		F06671E9260BD4F700D8E474 /* ViewControllerOperacionViewController.swift */ = {isa = PBXFileReference; lastKnownFileType = sourcecode.swift; path = ViewControllerOperacionViewController.swift; sourceTree = "<group>"; };
/* End PBXFileReference section */

/* Begin PBXFrameworksBuildPhase section */
		22BED1A0260A8985008BBD4C /* Frameworks */ = {
			isa = PBXFrameworksBuildPhase;
			buildActionMask = 2147483647;
			files = (
			);
			runOnlyForDeploymentPostprocessing = 0;
		};
/* End PBXFrameworksBuildPhase section */

/* Begin PBXGroup section */
		22BED19A260A8985008BBD4C = {
			isa = PBXGroup;
			children = (
				22BED1A5260A8985008BBD4C /* Primer ParcialV4F21 */,
				22BED1A4260A8985008BBD4C /* Products */,
			);
			sourceTree = "<group>";
		};
		22BED1A4260A8985008BBD4C /* Products */ = {
			isa = PBXGroup;
			children = (
				22BED1A3260A8985008BBD4C /* Primer ParcialV4F21.app */,
			);
			name = Products;
			sourceTree = "<group>";
		};
		22BED1A5260A8985008BBD4C /* Primer ParcialV4F21 */ = {
			isa = PBXGroup;
			children = (
				22BED1A6260A8985008BBD4C /* AppDelegate.swift */,
				22BED1A8260A8985008BBD4C /* SceneDelegate.swift */,
				22BED1AA260A8985008BBD4C /* ViewController.swift */,
				22BED1AC260A8985008BBD4C /* Main.storyboard */,
				F06671E9260BD4F700D8E474 /* ViewControllerOperacionViewController.swift */,
				22BED1AF260A8986008BBD4C /* Assets.xcassets */,
				22BED1B1260A8986008BBD4C /* LaunchScreen.storyboard */,
				22BED1B4260A8986008BBD4C /* Info.plist */,
			);
			path = "Primer ParcialV4F21";
			sourceTree = "<group>";
		};
/* End PBXGroup section */

/* Begin PBXNativeTarget section */
		22BED1A2260A8985008BBD4C /* Primer ParcialV4F21 */ = {
			isa = PBXNativeTarget;
			buildConfigurationList = 22BED1B7260A8986008BBD4C /* Build configuration list for PBXNativeTarget "Primer ParcialV4F21" */;
			buildPhases = (
				22BED19F260A8985008BBD4C /* Sources */,
				22BED1A0260A8985008BBD4C /* Frameworks */,
				22BED1A1260A8985008BBD4C /* Resources */,
			);
			buildRules = (
			);
			dependencies = (
			);
			name = "Primer ParcialV4F21";
			productName = "Primer ParcialV4F21";
			productReference = 22BED1A3260A8985008BBD4C /* Primer ParcialV4F21.app */;
			productType = "com.apple.product-type.application";
		};
/* End PBXNativeTarget section */

/* Begin PBXProject section */
		22BED19B260A8985008BBD4C /* Project object */ = {
			isa = PBXProject;
			attributes = {
				LastSwiftUpdateCheck = 1220;
				LastUpgradeCheck = 1220;
				TargetAttributes = {
					22BED1A2260A8985008BBD4C = {
						CreatedOnToolsVersion = 12.2;
					};
				};
			};
			buildConfigurationList = 22BED19E260A8985008BBD4C /* Build configuration list for PBXProject "Primer ParcialV4F21" */;
			compatibilityVersion = "Xcode 9.3";
			developmentRegion = en;
			hasScannedForEncodings = 0;
			knownRegions = (
				en,
				Base,
			);
			mainGroup = 22BED19A260A8985008BBD4C;
			productRefGroup = 22BED1A4260A8985008BBD4C /* Products */;
			projectDirPath = "";
			projectRoot = "";
			targets = (
				22BED1A2260A8985008BBD4C /* Primer ParcialV4F21 */,
			);
		};
/* End PBXProject section */

/* Begin PBXResourcesBuildPhase section */
		22BED1A1260A8985008BBD4C /* Resources */ = {
			isa = PBXResourcesBuildPhase;
			buildActionMask = 2147483647;
			files = (
				22BED1B3260A8986008BBD4C /* LaunchScreen.storyboard in Resources */,
				22BED1B0260A8986008BBD4C /* Assets.xcassets in Resources */,
				22BED1AE260A8985008BBD4C /* Main.storyboard in Resources */,
			);
			runOnlyForDeploymentPostprocessing = 0;
		};
/* End PBXResourcesBuildPhase section */

/* Begin PBXSourcesBuildPhase section */
		22BED19F260A8985008BBD4C /* Sources */ = {
			isa = PBXSourcesBuildPhase;
			buildActionMask = 2147483647;
			files = (
				F06671EA260BD4F700D8E474 /* ViewControllerOperacionViewController.swift in Sources */,
				22BED1AB260A8985008BBD4C /* ViewController.swift in Sources */,
				22BED1A7260A8985008BBD4C /* AppDelegate.swift in Sources */,
				22BED1A9260A8985008BBD4C /* SceneDelegate.swift in Sources */,
			);
			runOnlyForDeploymentPostprocessing = 0;
		};
/* End PBXSourcesBuildPhase section */

/* Begin PBXVariantGroup section */
		22BED1AC260A8985008BBD4C /* Main.storyboard */ = {
			isa = PBXVariantGroup;
			children = (
				22BED1AD260A8985008BBD4C /* Base */,
			);
			name = Main.storyboard;
			sourceTree = "<group>";
		};
		22BED1B1260A8986008BBD4C /* LaunchScreen.storyboard */ = {
			isa = PBXVariantGroup;
			children = (
				22BED1B2260A8986008BBD4C /* Base */,
			);
			name = LaunchScreen.storyboard;
			sourceTree = "<group>";
		};
/* End PBXVariantGroup section */

/* Begin XCBuildConfiguration section */
		22BED1B5260A8986008BBD4C /* Debug */ = {
			isa = XCBuildConfiguration;
			buildSettings = {
				ALWAYS_SEARCH_USER_PATHS = NO;
				CLANG_ANALYZER_NONNULL = YES;
				CLANG_ANALYZER_NUMBER_OBJECT_CONVERSION = YES_AGGRESSIVE;
				CLANG_CXX_LANGUAGE_STANDARD = "gnu++14";
				CLANG_CXX_LIBRARY = "libc++";
				CLANG_ENABLE_MODULES = YES;
				CLANG_ENABLE_OBJC_ARC = YES;
				CLANG_ENABLE_OBJC_WEAK = YES;
				CLANG_WARN_BLOCK_CAPTURE_AUTORELEASING = YES;
				CLANG_WARN_BOOL_CONVERSION = YES;
				CLANG_WARN_COMMA = YES;
				CLANG_WARN_CONSTANT_CONVERSION = YES;
				CLANG_WARN_DEPRECATED_OBJC_IMPLEMENTATIONS = YES;
				CLANG_WARN_DIRECT_OBJC_ISA_USAGE = YES_ERROR;
				CLANG_WARN_DOCUMENTATION_COMMENTS = YES;
				CLANG_WARN_EMPTY_BODY = YES;
				CLANG_WARN_ENUM_CONVERSION = YES;
				CLANG_WARN_INFINITE_RECURSION = YES;
				CLANG_WARN_INT_CONVERSION = YES;
				CLANG_WARN_NON_LITERAL_NULL_CONVERSION = YES;
				CLANG_WARN_OBJC_IMPLICIT_RETAIN_SELF = YES;
				CLANG_WARN_OBJC_LITERAL_CONVERSION = YES;
				CLANG_WARN_OBJC_ROOT_CLASS = YES_ERROR;
				CLANG_WARN_QUOTED_INCLUDE_IN_FRAMEWORK_HEADER = YES;
				CLANG_WARN_RANGE_LOOP_ANALYSIS = YES;
				CLANG_WARN_STRICT_PROTOTYPES = YES;
				CLANG_WARN_SUSPICIOUS_MOVE = YES;
				CLANG_WARN_UNGUARDED_AVAILABILITY = YES_AGGRESSIVE;
				CLANG_WARN_UNREACHABLE_CODE = YES;
				CLANG_WARN__DUPLICATE_METHOD_MATCH = YES;
				COPY_PHASE_STRIP = NO;
				DEBUG_INFORMATION_FORMAT = dwarf;
				ENABLE_STRICT_OBJC_MSGSEND = YES;
				ENABLE_TESTABILITY = YES;
				GCC_C_LANGUAGE_STANDARD = gnu11;
				GCC_DYNAMIC_NO_PIC = NO;
				GCC_NO_COMMON_BLOCKS = YES;
				GCC_OPTIMIZATION_LEVEL = 0;
				GCC_PREPROCESSOR_DEFINITIONS = (
					"DEBUG=1",
					"$(inherited)",
				);
				GCC_WARN_64_TO_32_BIT_CONVERSION = YES;
				GCC_WARN_ABOUT_RETURN_TYPE = YES_ERROR;
				GCC_WARN_UNDECLARED_SELECTOR = YES;
				GCC_WARN_UNINITIALIZED_AUTOS = YES_AGGRESSIVE;
				GCC_WARN_UNUSED_FUNCTION = YES;
				GCC_WARN_UNUSED_VARIABLE = YES;
				IPHONEOS_DEPLOYMENT_TARGET = 14.2;
				MTL_ENABLE_DEBUG_INFO = INCLUDE_SOURCE;
				MTL_FAST_MATH = YES;
				ONLY_ACTIVE_ARCH = YES;
				SDKROOT = iphoneos;
				SWIFT_ACTIVE_COMPILATION_CONDITIONS = DEBUG;
				SWIFT_OPTIMIZATION_LEVEL = "-Onone";
			};
			name = Debug;
		};
		22BED1B6260A8986008BBD4C /* Release */ = {
			isa = XCBuildConfiguration;
			buildSettings = {
				ALWAYS_SEARCH_USER_PATHS = NO;
				CLANG_ANALYZER_NONNULL = YES;
				CLANG_ANALYZER_NUMBER_OBJECT_CONVERSION = YES_AGGRESSIVE;
				CLANG_CXX_LANGUAGE_STANDARD = "gnu++14";
				CLANG_CXX_LIBRARY = "libc++";
				CLANG_ENABLE_MODULES = YES;
				CLANG_ENABLE_OBJC_ARC = YES;
				CLANG_ENABLE_OBJC_WEAK = YES;
				CLANG_WARN_BLOCK_CAPTURE_AUTORELEASING = YES;
				CLANG_WARN_BOOL_CONVERSION = YES;
				CLANG_WARN_COMMA = YES;
				CLANG_WARN_CONSTANT_CONVERSION = YES;
				CLANG_WARN_DEPRECATED_OBJC_IMPLEMENTATIONS = YES;
				CLANG_WARN_DIRECT_OBJC_ISA_USAGE = YES_ERROR;
				CLANG_WARN_DOCUMENTATION_COMMENTS = YES;
				CLANG_WARN_EMPTY_BODY = YES;
				CLANG_WARN_ENUM_CONVERSION = YES;
				CLANG_WARN_INFINITE_RECURSION = YES;
				CLANG_WARN_INT_CONVERSION = YES;
				CLANG_WARN_NON_LITERAL_NULL_CONVERSION = YES;
				CLANG_WARN_OBJC_IMPLICIT_RETAIN_SELF = YES;
				CLANG_WARN_OBJC_LITERAL_CONVERSION = YES;
				CLANG_WARN_OBJC_ROOT_CLASS = YES_ERROR;
				CLANG_WARN_QUOTED_INCLUDE_IN_FRAMEWORK_HEADER = YES;
				CLANG_WARN_RANGE_LOOP_ANALYSIS = YES;
				CLANG_WARN_STRICT_PROTOTYPES = YES;
				CLANG_WARN_SUSPICIOUS_MOVE = YES;
				CLANG_WARN_UNGUARDED_AVAILABILITY = YES_AGGRESSIVE;
				CLANG_WARN_UNREACHABLE_CODE = YES;
				CLANG_WARN__DUPLICATE_METHOD_MATCH = YES;
				COPY_PHASE_STRIP = NO;
				DEBUG_INFORMATION_FORMAT = "dwarf-with-dsym";
				ENABLE_NS_ASSERTIONS = NO;
				ENABLE_STRICT_OBJC_MSGSEND = YES;
				GCC_C_LANGUAGE_STANDARD = gnu11;
				GCC_NO_COMMON_BLOCKS = YES;
				GCC_WARN_64_TO_32_BIT_CONVERSION = YES;
				GCC_WARN_ABOUT_RETURN_TYPE = YES_ERROR;
				GCC_WARN_UNDECLARED_SELECTOR = YES;
				GCC_WARN_UNINITIALIZED_AUTOS = YES_AGGRESSIVE;
				GCC_WARN_UNUSED_FUNCTION = YES;
				GCC_WARN_UNUSED_VARIABLE = YES;
				IPHONEOS_DEPLOYMENT_TARGET = 14.2;
				MTL_ENABLE_DEBUG_INFO = NO;
				MTL_FAST_MATH = YES;
				SDKROOT = iphoneos;
				SWIFT_COMPILATION_MODE = wholemodule;
				SWIFT_OPTIMIZATION_LEVEL = "-O";
				VALIDATE_PRODUCT = YES;
			};
			name = Release;
		};
		22BED1B8260A8986008BBD4C /* Debug */ = {
			isa = XCBuildConfiguration;
			buildSettings = {
				ASSETCATALOG_COMPILER_APPICON_NAME = AppIcon;
				ASSETCATALOG_COMPILER_GLOBAL_ACCENT_COLOR_NAME = AccentColor;
				CODE_SIGN_STYLE = Automatic;
				DEVELOPMENT_TEAM = TX3A2YEYCD;
				INFOPLIST_FILE = "Primer ParcialV4F21/Info.plist";
				LD_RUNPATH_SEARCH_PATHS = (
					"$(inherited)",
					"@executable_path/Frameworks",
				);
				PRODUCT_BUNDLE_IDENTIFIER = "ITESM.Primer-ParcialV4F21";
				PRODUCT_NAME = "$(TARGET_NAME)";
				SWIFT_VERSION = 5.0;
				TARGETED_DEVICE_FAMILY = "1,2";
			};
			name = Debug;
		};
		22BED1B9260A8986008BBD4C /* Release */ = {
			isa = XCBuildConfiguration;
			buildSettings = {
				ASSETCATALOG_COMPILER_APPICON_NAME = AppIcon;
				ASSETCATALOG_COMPILER_GLOBAL_ACCENT_COLOR_NAME = AccentColor;
				CODE_SIGN_STYLE = Automatic;
				DEVELOPMENT_TEAM = TX3A2YEYCD;
				INFOPLIST_FILE = "Primer ParcialV4F21/Info.plist";
				LD_RUNPATH_SEARCH_PATHS = (
					"$(inherited)",
					"@executable_path/Frameworks",
				);
				PRODUCT_BUNDLE_IDENTIFIER = "ITESM.Primer-ParcialV4F21";
				PRODUCT_NAME = "$(TARGET_NAME)";
				SWIFT_VERSION = 5.0;
				TARGETED_DEVICE_FAMILY = "1,2";
			};
			name = Release;
		};
/* End XCBuildConfiguration section */

/* Begin XCConfigurationList section */
		22BED19E260A8985008BBD4C /* Build configuration list for PBXProject "Primer ParcialV4F21" */ = {
			isa = XCConfigurationList;
			buildConfigurations = (
				22BED1B5260A8986008BBD4C /* Debug */,
				22BED1B6260A8986008BBD4C /* Release */,
			);
			defaultConfigurationIsVisible = 0;
			defaultConfigurationName = Release;
		};
		22BED1B7260A8986008BBD4C /* Build configuration list for PBXNativeTarget "Primer ParcialV4F21" */ = {
			isa = XCConfigurationList;
			buildConfigurations = (
				22BED1B8260A8986008BBD4C /* Debug */,
				22BED1B9260A8986008BBD4C /* Release */,
			);
			defaultConfigurationIsVisible = 0;
			defaultConfigurationName = Release;
		};
/* End XCConfigurationList section */
	};
	rootObject = 22BED19B260A8985008BBD4C /* Project object */;
}
