// !$*UTF8*$!
{
	archiveVersion = 1;
	classes = {
	};
	objectVersion = 50;
	objects = {

/* Begin PBXBuildFile section */
		F01042CF261D0D88009611BD /* AppDelegate.swift in Sources */ = {isa = PBXBuildFile; fileRef = F01042CE261D0D88009611BD /* AppDelegate.swift */; };
		F01042D1261D0D88009611BD /* SceneDelegate.swift in Sources */ = {isa = PBXBuildFile; fileRef = F01042D0261D0D88009611BD /* SceneDelegate.swift */; };
		F01042D6261D0D88009611BD /* Main.storyboard in Resources */ = {isa = PBXBuildFile; fileRef = F01042D4261D0D88009611BD /* Main.storyboard */; };
		F01042D8261D0D8A009611BD /* Assets.xcassets in Resources */ = {isa = PBXBuildFile; fileRef = F01042D7261D0D8A009611BD /* Assets.xcassets */; };
		F01042DB261D0D8A009611BD /* LaunchScreen.storyboard in Resources */ = {isa = PBXBuildFile; fileRef = F01042D9261D0D8A009611BD /* LaunchScreen.storyboard */; };
		F01042E5261D0E1B009611BD /* TableViewController.swift in Sources */ = {isa = PBXBuildFile; fileRef = F01042E4261D0E1B009611BD /* TableViewController.swift */; };
		F01042E8261D0E6B009611BD /* app.swift in Sources */ = {isa = PBXBuildFile; fileRef = F01042E7261D0E6B009611BD /* app.swift */; };
		F01042EB261D130D009611BD /* ViewControllerDetails.swift in Sources */ = {isa = PBXBuildFile; fileRef = F01042EA261D130D009611BD /* ViewControllerDetails.swift */; };
/* End PBXBuildFile section */

/* Begin PBXFileReference section */
		F01042CB261D0D88009611BD /* TableViewActivity.app */ = {isa = PBXFileReference; explicitFileType = wrapper.application; includeInIndex = 0; path = TableViewActivity.app; sourceTree = BUILT_PRODUCTS_DIR; };
		F01042CE261D0D88009611BD /* AppDelegate.swift */ = {isa = PBXFileReference; lastKnownFileType = sourcecode.swift; path = AppDelegate.swift; sourceTree = "<group>"; };
		F01042D0261D0D88009611BD /* SceneDelegate.swift */ = {isa = PBXFileReference; lastKnownFileType = sourcecode.swift; path = SceneDelegate.swift; sourceTree = "<group>"; };
		F01042D5261D0D88009611BD /* Base */ = {isa = PBXFileReference; lastKnownFileType = file.storyboard; name = Base; path = Base.lproj/Main.storyboard; sourceTree = "<group>"; };
		F01042D7261D0D8A009611BD /* Assets.xcassets */ = {isa = PBXFileReference; lastKnownFileType = folder.assetcatalog; path = Assets.xcassets; sourceTree = "<group>"; };
		F01042DA261D0D8A009611BD /* Base */ = {isa = PBXFileReference; lastKnownFileType = file.storyboard; name = Base; path = Base.lproj/LaunchScreen.storyboard; sourceTree = "<group>"; };
		F01042DC261D0D8A009611BD /* Info.plist */ = {isa = PBXFileReference; lastKnownFileType = text.plist.xml; path = Info.plist; sourceTree = "<group>"; };
		F01042E4261D0E1B009611BD /* TableViewController.swift */ = {isa = PBXFileReference; lastKnownFileType = sourcecode.swift; path = TableViewController.swift; sourceTree = "<group>"; };
		F01042E7261D0E6B009611BD /* app.swift */ = {isa = PBXFileReference; lastKnownFileType = sourcecode.swift; path = app.swift; sourceTree = "<group>"; };
		F01042EA261D130D009611BD /* ViewControllerDetails.swift */ = {isa = PBXFileReference; lastKnownFileType = sourcecode.swift; path = ViewControllerDetails.swift; sourceTree = "<group>"; };
/* End PBXFileReference section */

/* Begin PBXFrameworksBuildPhase section */
		F01042C8261D0D88009611BD /* Frameworks */ = {
			isa = PBXFrameworksBuildPhase;
			buildActionMask = 2147483647;
			files = (
			);
			runOnlyForDeploymentPostprocessing = 0;
		};
/* End PBXFrameworksBuildPhase section */

/* Begin PBXGroup section */
		F01042C2261D0D88009611BD = {
			isa = PBXGroup;
			children = (
				F01042CD261D0D88009611BD /* TableViewActivity */,
				F01042CC261D0D88009611BD /* Products */,
			);
			sourceTree = "<group>";
		};
		F01042CC261D0D88009611BD /* Products */ = {
			isa = PBXGroup;
			children = (
				F01042CB261D0D88009611BD /* TableViewActivity.app */,
			);
			name = Products;
			sourceTree = "<group>";
		};
		F01042CD261D0D88009611BD /* TableViewActivity */ = {
			isa = PBXGroup;
			children = (
				F01042CE261D0D88009611BD /* AppDelegate.swift */,
				F01042D0261D0D88009611BD /* SceneDelegate.swift */,
				F01042D4261D0D88009611BD /* Main.storyboard */,
				F01042EA261D130D009611BD /* ViewControllerDetails.swift */,
				F01042E7261D0E6B009611BD /* app.swift */,
				F01042E4261D0E1B009611BD /* TableViewController.swift */,
				F01042D7261D0D8A009611BD /* Assets.xcassets */,
				F01042D9261D0D8A009611BD /* LaunchScreen.storyboard */,
				F01042DC261D0D8A009611BD /* Info.plist */,
			);
			path = TableViewActivity;
			sourceTree = "<group>";
		};
/* End PBXGroup section */

/* Begin PBXNativeTarget section */
		F01042CA261D0D88009611BD /* TableViewActivity */ = {
			isa = PBXNativeTarget;
			buildConfigurationList = F01042DF261D0D8A009611BD /* Build configuration list for PBXNativeTarget "TableViewActivity" */;
			buildPhases = (
				F01042C7261D0D88009611BD /* Sources */,
				F01042C8261D0D88009611BD /* Frameworks */,
				F01042C9261D0D88009611BD /* Resources */,
			);
			buildRules = (
			);
			dependencies = (
			);
			name = TableViewActivity;
			productName = TableViewActivity;
			productReference = F01042CB261D0D88009611BD /* TableViewActivity.app */;
			productType = "com.apple.product-type.application";
		};
/* End PBXNativeTarget section */

/* Begin PBXProject section */
		F01042C3261D0D88009611BD /* Project object */ = {
			isa = PBXProject;
			attributes = {
				LastSwiftUpdateCheck = 1240;
				LastUpgradeCheck = 1240;
				TargetAttributes = {
					F01042CA261D0D88009611BD = {
						CreatedOnToolsVersion = 12.4;
					};
				};
			};
			buildConfigurationList = F01042C6261D0D88009611BD /* Build configuration list for PBXProject "TableViewActivity" */;
			compatibilityVersion = "Xcode 9.3";
			developmentRegion = en;
			hasScannedForEncodings = 0;
			knownRegions = (
				en,
				Base,
			);
			mainGroup = F01042C2261D0D88009611BD;
			productRefGroup = F01042CC261D0D88009611BD /* Products */;
			projectDirPath = "";
			projectRoot = "";
			targets = (
				F01042CA261D0D88009611BD /* TableViewActivity */,
			);
		};
/* End PBXProject section */

/* Begin PBXResourcesBuildPhase section */
		F01042C9261D0D88009611BD /* Resources */ = {
			isa = PBXResourcesBuildPhase;
			buildActionMask = 2147483647;
			files = (
				F01042DB261D0D8A009611BD /* LaunchScreen.storyboard in Resources */,
				F01042D8261D0D8A009611BD /* Assets.xcassets in Resources */,
				F01042D6261D0D88009611BD /* Main.storyboard in Resources */,
			);
			runOnlyForDeploymentPostprocessing = 0;
		};
/* End PBXResourcesBuildPhase section */

/* Begin PBXSourcesBuildPhase section */
		F01042C7261D0D88009611BD /* Sources */ = {
			isa = PBXSourcesBuildPhase;
			buildActionMask = 2147483647;
			files = (
				F01042CF261D0D88009611BD /* AppDelegate.swift in Sources */,
				F01042E8261D0E6B009611BD /* app.swift in Sources */,
				F01042E5261D0E1B009611BD /* TableViewController.swift in Sources */,
				F01042D1261D0D88009611BD /* SceneDelegate.swift in Sources */,
				F01042EB261D130D009611BD /* ViewControllerDetails.swift in Sources */,
			);
			runOnlyForDeploymentPostprocessing = 0;
		};
/* End PBXSourcesBuildPhase section */

/* Begin PBXVariantGroup section */
		F01042D4261D0D88009611BD /* Main.storyboard */ = {
			isa = PBXVariantGroup;
			children = (
				F01042D5261D0D88009611BD /* Base */,
			);
			name = Main.storyboard;
			sourceTree = "<group>";
		};
		F01042D9261D0D8A009611BD /* LaunchScreen.storyboard */ = {
			isa = PBXVariantGroup;
			children = (
				F01042DA261D0D8A009611BD /* Base */,
			);
			name = LaunchScreen.storyboard;
			sourceTree = "<group>";
		};
/* End PBXVariantGroup section */

/* Begin XCBuildConfiguration section */
		F01042DD261D0D8A009611BD /* Debug */ = {
			isa = XCBuildConfiguration;
			buildSettings = {
				ALWAYS_SEARCH_USER_PATHS = NO;
				CLANG_ANALYZER_NONNULL = YES;
				CLANG_ANALYZER_NUMBER_OBJECT_CONVERSION = YES_AGGRESSIVE;
				CLANG_CXX_LANGUAGE_STANDARD = "gnu++14";
				CLANG_CXX_LIBRARY = "libc++";
				CLANG_ENABLE_MODULES = YES;
				CLANG_ENABLE_OBJC_ARC = YES;
				CLANG_ENABLE_OBJC_WEAK = YES;
				CLANG_WARN_BLOCK_CAPTURE_AUTORELEASING = YES;
				CLANG_WARN_BOOL_CONVERSION = YES;
				CLANG_WARN_COMMA = YES;
				CLANG_WARN_CONSTANT_CONVERSION = YES;
				CLANG_WARN_DEPRECATED_OBJC_IMPLEMENTATIONS = YES;
				CLANG_WARN_DIRECT_OBJC_ISA_USAGE = YES_ERROR;
				CLANG_WARN_DOCUMENTATION_COMMENTS = YES;
				CLANG_WARN_EMPTY_BODY = YES;
				CLANG_WARN_ENUM_CONVERSION = YES;
				CLANG_WARN_INFINITE_RECURSION = YES;
				CLANG_WARN_INT_CONVERSION = YES;
				CLANG_WARN_NON_LITERAL_NULL_CONVERSION = YES;
				CLANG_WARN_OBJC_IMPLICIT_RETAIN_SELF = YES;
				CLANG_WARN_OBJC_LITERAL_CONVERSION = YES;
				CLANG_WARN_OBJC_ROOT_CLASS = YES_ERROR;
				CLANG_WARN_QUOTED_INCLUDE_IN_FRAMEWORK_HEADER = YES;
				CLANG_WARN_RANGE_LOOP_ANALYSIS = YES;
				CLANG_WARN_STRICT_PROTOTYPES = YES;
				CLANG_WARN_SUSPICIOUS_MOVE = YES;
				CLANG_WARN_UNGUARDED_AVAILABILITY = YES_AGGRESSIVE;
				CLANG_WARN_UNREACHABLE_CODE = YES;
				CLANG_WARN__DUPLICATE_METHOD_MATCH = YES;
				COPY_PHASE_STRIP = NO;
				DEBUG_INFORMATION_FORMAT = dwarf;
				ENABLE_STRICT_OBJC_MSGSEND = YES;
				ENABLE_TESTABILITY = YES;
				GCC_C_LANGUAGE_STANDARD = gnu11;
				GCC_DYNAMIC_NO_PIC = NO;
				GCC_NO_COMMON_BLOCKS = YES;
				GCC_OPTIMIZATION_LEVEL = 0;
				GCC_PREPROCESSOR_DEFINITIONS = (
					"DEBUG=1",
					"$(inherited)",
				);
				GCC_WARN_64_TO_32_BIT_CONVERSION = YES;
				GCC_WARN_ABOUT_RETURN_TYPE = YES_ERROR;
				GCC_WARN_UNDECLARED_SELECTOR = YES;
				GCC_WARN_UNINITIALIZED_AUTOS = YES_AGGRESSIVE;
				GCC_WARN_UNUSED_FUNCTION = YES;
				GCC_WARN_UNUSED_VARIABLE = YES;
				IPHONEOS_DEPLOYMENT_TARGET = 14.4;
				MTL_ENABLE_DEBUG_INFO = INCLUDE_SOURCE;
				MTL_FAST_MATH = YES;
				ONLY_ACTIVE_ARCH = YES;
				SDKROOT = iphoneos;
				SWIFT_ACTIVE_COMPILATION_CONDITIONS = DEBUG;
				SWIFT_OPTIMIZATION_LEVEL = "-Onone";
			};
			name = Debug;
		};
		F01042DE261D0D8A009611BD /* Release */ = {
			isa = XCBuildConfiguration;
			buildSettings = {
				ALWAYS_SEARCH_USER_PATHS = NO;
				CLANG_ANALYZER_NONNULL = YES;
				CLANG_ANALYZER_NUMBER_OBJECT_CONVERSION = YES_AGGRESSIVE;
				CLANG_CXX_LANGUAGE_STANDARD = "gnu++14";
				CLANG_CXX_LIBRARY = "libc++";
				CLANG_ENABLE_MODULES = YES;
				CLANG_ENABLE_OBJC_ARC = YES;
				CLANG_ENABLE_OBJC_WEAK = YES;
				CLANG_WARN_BLOCK_CAPTURE_AUTORELEASING = YES;
				CLANG_WARN_BOOL_CONVERSION = YES;
				CLANG_WARN_COMMA = YES;
				CLANG_WARN_CONSTANT_CONVERSION = YES;
				CLANG_WARN_DEPRECATED_OBJC_IMPLEMENTATIONS = YES;
				CLANG_WARN_DIRECT_OBJC_ISA_USAGE = YES_ERROR;
				CLANG_WARN_DOCUMENTATION_COMMENTS = YES;
				CLANG_WARN_EMPTY_BODY = YES;
				CLANG_WARN_ENUM_CONVERSION = YES;
				CLANG_WARN_INFINITE_RECURSION = YES;
				CLANG_WARN_INT_CONVERSION = YES;
				CLANG_WARN_NON_LITERAL_NULL_CONVERSION = YES;
				CLANG_WARN_OBJC_IMPLICIT_RETAIN_SELF = YES;
				CLANG_WARN_OBJC_LITERAL_CONVERSION = YES;
				CLANG_WARN_OBJC_ROOT_CLASS = YES_ERROR;
				CLANG_WARN_QUOTED_INCLUDE_IN_FRAMEWORK_HEADER = YES;
				CLANG_WARN_RANGE_LOOP_ANALYSIS = YES;
				CLANG_WARN_STRICT_PROTOTYPES = YES;
				CLANG_WARN_SUSPICIOUS_MOVE = YES;
				CLANG_WARN_UNGUARDED_AVAILABILITY = YES_AGGRESSIVE;
				CLANG_WARN_UNREACHABLE_CODE = YES;
				CLANG_WARN__DUPLICATE_METHOD_MATCH = YES;
				COPY_PHASE_STRIP = NO;
				DEBUG_INFORMATION_FORMAT = "dwarf-with-dsym";
				ENABLE_NS_ASSERTIONS = NO;
				ENABLE_STRICT_OBJC_MSGSEND = YES;
				GCC_C_LANGUAGE_STANDARD = gnu11;
				GCC_NO_COMMON_BLOCKS = YES;
				GCC_WARN_64_TO_32_BIT_CONVERSION = YES;
				GCC_WARN_ABOUT_RETURN_TYPE = YES_ERROR;
				GCC_WARN_UNDECLARED_SELECTOR = YES;
				GCC_WARN_UNINITIALIZED_AUTOS = YES_AGGRESSIVE;
				GCC_WARN_UNUSED_FUNCTION = YES;
				GCC_WARN_UNUSED_VARIABLE = YES;
				IPHONEOS_DEPLOYMENT_TARGET = 14.4;
				MTL_ENABLE_DEBUG_INFO = NO;
				MTL_FAST_MATH = YES;
				SDKROOT = iphoneos;
				SWIFT_COMPILATION_MODE = wholemodule;
				SWIFT_OPTIMIZATION_LEVEL = "-O";
				VALIDATE_PRODUCT = YES;
			};
			name = Release;
		};
		F01042E0261D0D8A009611BD /* Debug */ = {
			isa = XCBuildConfiguration;
			buildSettings = {
				ASSETCATALOG_COMPILER_APPICON_NAME = AppIcon;
				ASSETCATALOG_COMPILER_GLOBAL_ACCENT_COLOR_NAME = AccentColor;
				CODE_SIGN_STYLE = Automatic;
				DEVELOPMENT_TEAM = DU6T2N6B5L;
				INFOPLIST_FILE = TableViewActivity/Info.plist;
				LD_RUNPATH_SEARCH_PATHS = (
					"$(inherited)",
					"@executable_path/Frameworks",
				);
				PRODUCT_BUNDLE_IDENTIFIER = ITESM.TableViewActivity;
				PRODUCT_NAME = "$(TARGET_NAME)";
				SWIFT_VERSION = 5.0;
				TARGETED_DEVICE_FAMILY = "1,2";
			};
			name = Debug;
		};
		F01042E1261D0D8A009611BD /* Release */ = {
			isa = XCBuildConfiguration;
			buildSettings = {
				ASSETCATALOG_COMPILER_APPICON_NAME = AppIcon;
				ASSETCATALOG_COMPILER_GLOBAL_ACCENT_COLOR_NAME = AccentColor;
				CODE_SIGN_STYLE = Automatic;
				DEVELOPMENT_TEAM = DU6T2N6B5L;
				INFOPLIST_FILE = TableViewActivity/Info.plist;
				LD_RUNPATH_SEARCH_PATHS = (
					"$(inherited)",
					"@executable_path/Frameworks",
				);
				PRODUCT_BUNDLE_IDENTIFIER = ITESM.TableViewActivity;
				PRODUCT_NAME = "$(TARGET_NAME)";
				SWIFT_VERSION = 5.0;
				TARGETED_DEVICE_FAMILY = "1,2";
			};
			name = Release;
		};
/* End XCBuildConfiguration section */

/* Begin XCConfigurationList section */
		F01042C6261D0D88009611BD /* Build configuration list for PBXProject "TableViewActivity" */ = {
			isa = XCConfigurationList;
			buildConfigurations = (
				F01042DD261D0D8A009611BD /* Debug */,
				F01042DE261D0D8A009611BD /* Release */,
			);
			defaultConfigurationIsVisible = 0;
			defaultConfigurationName = Release;
		};
		F01042DF261D0D8A009611BD /* Build configuration list for PBXNativeTarget "TableViewActivity" */ = {
			isa = XCConfigurationList;
			buildConfigurations = (
				F01042E0261D0D8A009611BD /* Debug */,
				F01042E1261D0D8A009611BD /* Release */,
			);
			defaultConfigurationIsVisible = 0;
			defaultConfigurationName = Release;
		};
/* End XCConfigurationList section */
	};
	rootObject = F01042C3261D0D88009611BD /* Project object */;
}
