// !$*UTF8*$!
{
	archiveVersion = 1;
	classes = {
	};
	objectVersion = 50;
	objects = {

/* Begin PBXBuildFile section */
		F05385A52643BA4D0061C4F8 /* AppDelegate.swift in Sources */ = {isa = PBXBuildFile; fileRef = F05385A42643BA4D0061C4F8 /* AppDelegate.swift */; };
		F05385A72643BA4D0061C4F8 /* SceneDelegate.swift in Sources */ = {isa = PBXBuildFile; fileRef = F05385A62643BA4D0061C4F8 /* SceneDelegate.swift */; };
		F05385A92643BA4D0061C4F8 /* ViewController.swift in Sources */ = {isa = PBXBuildFile; fileRef = F05385A82643BA4D0061C4F8 /* ViewController.swift */; };
		F05385AC2643BA4D0061C4F8 /* Main.storyboard in Resources */ = {isa = PBXBuildFile; fileRef = F05385AA2643BA4D0061C4F8 /* Main.storyboard */; };
		F05385AE2643BA510061C4F8 /* Assets.xcassets in Resources */ = {isa = PBXBuildFile; fileRef = F05385AD2643BA510061C4F8 /* Assets.xcassets */; };
		F05385B12643BA510061C4F8 /* LaunchScreen.storyboard in Resources */ = {isa = PBXBuildFile; fileRef = F05385AF2643BA510061C4F8 /* LaunchScreen.storyboard */; };
		F05385BA2643BC850061C4F8 /* SettingsViewController.swift in Sources */ = {isa = PBXBuildFile; fileRef = F05385B92643BC850061C4F8 /* SettingsViewController.swift */; };
		F05385BD2643BFBD0061C4F8 /* Coordenada.swift in Sources */ = {isa = PBXBuildFile; fileRef = F05385BC2643BFBD0061C4F8 /* Coordenada.swift */; };
/* End PBXBuildFile section */

/* Begin PBXFileReference section */
		F05385A12643BA4D0061C4F8 /* ActPersistenciaPDM.app */ = {isa = PBXFileReference; explicitFileType = wrapper.application; includeInIndex = 0; path = ActPersistenciaPDM.app; sourceTree = BUILT_PRODUCTS_DIR; };
		F05385A42643BA4D0061C4F8 /* AppDelegate.swift */ = {isa = PBXFileReference; lastKnownFileType = sourcecode.swift; path = AppDelegate.swift; sourceTree = "<group>"; };
		F05385A62643BA4D0061C4F8 /* SceneDelegate.swift */ = {isa = PBXFileReference; lastKnownFileType = sourcecode.swift; path = SceneDelegate.swift; sourceTree = "<group>"; };
		F05385A82643BA4D0061C4F8 /* ViewController.swift */ = {isa = PBXFileReference; lastKnownFileType = sourcecode.swift; path = ViewController.swift; sourceTree = "<group>"; };
		F05385AB2643BA4D0061C4F8 /* Base */ = {isa = PBXFileReference; lastKnownFileType = file.storyboard; name = Base; path = Base.lproj/Main.storyboard; sourceTree = "<group>"; };
		F05385AD2643BA510061C4F8 /* Assets.xcassets */ = {isa = PBXFileReference; lastKnownFileType = folder.assetcatalog; path = Assets.xcassets; sourceTree = "<group>"; };
		F05385B02643BA510061C4F8 /* Base */ = {isa = PBXFileReference; lastKnownFileType = file.storyboard; name = Base; path = Base.lproj/LaunchScreen.storyboard; sourceTree = "<group>"; };
		F05385B22643BA510061C4F8 /* Info.plist */ = {isa = PBXFileReference; lastKnownFileType = text.plist.xml; path = Info.plist; sourceTree = "<group>"; };
		F05385B92643BC850061C4F8 /* SettingsViewController.swift */ = {isa = PBXFileReference; lastKnownFileType = sourcecode.swift; path = SettingsViewController.swift; sourceTree = "<group>"; };
		F05385BC2643BFBD0061C4F8 /* Coordenada.swift */ = {isa = PBXFileReference; lastKnownFileType = sourcecode.swift; path = Coordenada.swift; sourceTree = "<group>"; };
/* End PBXFileReference section */

/* Begin PBXFrameworksBuildPhase section */
		F053859E2643BA4D0061C4F8 /* Frameworks */ = {
			isa = PBXFrameworksBuildPhase;
			buildActionMask = 2147483647;
			files = (
			);
			runOnlyForDeploymentPostprocessing = 0;
		};
/* End PBXFrameworksBuildPhase section */

/* Begin PBXGroup section */
		F05385982643BA4D0061C4F8 = {
			isa = PBXGroup;
			children = (
				F05385A32643BA4D0061C4F8 /* ActPersistenciaPDM */,
				F05385A22643BA4D0061C4F8 /* Products */,
			);
			sourceTree = "<group>";
		};
		F05385A22643BA4D0061C4F8 /* Products */ = {
			isa = PBXGroup;
			children = (
				F05385A12643BA4D0061C4F8 /* ActPersistenciaPDM.app */,
			);
			name = Products;
			sourceTree = "<group>";
		};
		F05385A32643BA4D0061C4F8 /* ActPersistenciaPDM */ = {
			isa = PBXGroup;
			children = (
				F05385A42643BA4D0061C4F8 /* AppDelegate.swift */,
				F05385A62643BA4D0061C4F8 /* SceneDelegate.swift */,
				F05385A82643BA4D0061C4F8 /* ViewController.swift */,
				F05385AA2643BA4D0061C4F8 /* Main.storyboard */,
				F05385BC2643BFBD0061C4F8 /* Coordenada.swift */,
				F05385B92643BC850061C4F8 /* SettingsViewController.swift */,
				F05385AD2643BA510061C4F8 /* Assets.xcassets */,
				F05385AF2643BA510061C4F8 /* LaunchScreen.storyboard */,
				F05385B22643BA510061C4F8 /* Info.plist */,
			);
			path = ActPersistenciaPDM;
			sourceTree = "<group>";
		};
/* End PBXGroup section */

/* Begin PBXNativeTarget section */
		F05385A02643BA4D0061C4F8 /* ActPersistenciaPDM */ = {
			isa = PBXNativeTarget;
			buildConfigurationList = F05385B52643BA510061C4F8 /* Build configuration list for PBXNativeTarget "ActPersistenciaPDM" */;
			buildPhases = (
				F053859D2643BA4D0061C4F8 /* Sources */,
				F053859E2643BA4D0061C4F8 /* Frameworks */,
				F053859F2643BA4D0061C4F8 /* Resources */,
			);
			buildRules = (
			);
			dependencies = (
			);
			name = ActPersistenciaPDM;
			productName = ActPersistenciaPDM;
			productReference = F05385A12643BA4D0061C4F8 /* ActPersistenciaPDM.app */;
			productType = "com.apple.product-type.application";
		};
/* End PBXNativeTarget section */

/* Begin PBXProject section */
		F05385992643BA4D0061C4F8 /* Project object */ = {
			isa = PBXProject;
			attributes = {
				LastSwiftUpdateCheck = 1240;
				LastUpgradeCheck = 1240;
				TargetAttributes = {
					F05385A02643BA4D0061C4F8 = {
						CreatedOnToolsVersion = 12.4;
					};
				};
			};
			buildConfigurationList = F053859C2643BA4D0061C4F8 /* Build configuration list for PBXProject "ActPersistenciaPDM" */;
			compatibilityVersion = "Xcode 9.3";
			developmentRegion = en;
			hasScannedForEncodings = 0;
			knownRegions = (
				en,
				Base,
			);
			mainGroup = F05385982643BA4D0061C4F8;
			productRefGroup = F05385A22643BA4D0061C4F8 /* Products */;
			projectDirPath = "";
			projectRoot = "";
			targets = (
				F05385A02643BA4D0061C4F8 /* ActPersistenciaPDM */,
			);
		};
/* End PBXProject section */

/* Begin PBXResourcesBuildPhase section */
		F053859F2643BA4D0061C4F8 /* Resources */ = {
			isa = PBXResourcesBuildPhase;
			buildActionMask = 2147483647;
			files = (
				F05385B12643BA510061C4F8 /* LaunchScreen.storyboard in Resources */,
				F05385AE2643BA510061C4F8 /* Assets.xcassets in Resources */,
				F05385AC2643BA4D0061C4F8 /* Main.storyboard in Resources */,
			);
			runOnlyForDeploymentPostprocessing = 0;
		};
/* End PBXResourcesBuildPhase section */

/* Begin PBXSourcesBuildPhase section */
		F053859D2643BA4D0061C4F8 /* Sources */ = {
			isa = PBXSourcesBuildPhase;
			buildActionMask = 2147483647;
			files = (
				F05385A92643BA4D0061C4F8 /* ViewController.swift in Sources */,
				F05385A52643BA4D0061C4F8 /* AppDelegate.swift in Sources */,
				F05385A72643BA4D0061C4F8 /* SceneDelegate.swift in Sources */,
				F05385BD2643BFBD0061C4F8 /* Coordenada.swift in Sources */,
				F05385BA2643BC850061C4F8 /* SettingsViewController.swift in Sources */,
			);
			runOnlyForDeploymentPostprocessing = 0;
		};
/* End PBXSourcesBuildPhase section */

/* Begin PBXVariantGroup section */
		F05385AA2643BA4D0061C4F8 /* Main.storyboard */ = {
			isa = PBXVariantGroup;
			children = (
				F05385AB2643BA4D0061C4F8 /* Base */,
			);
			name = Main.storyboard;
			sourceTree = "<group>";
		};
		F05385AF2643BA510061C4F8 /* LaunchScreen.storyboard */ = {
			isa = PBXVariantGroup;
			children = (
				F05385B02643BA510061C4F8 /* Base */,
			);
			name = LaunchScreen.storyboard;
			sourceTree = "<group>";
		};
/* End PBXVariantGroup section */

/* Begin XCBuildConfiguration section */
		F05385B32643BA510061C4F8 /* Debug */ = {
			isa = XCBuildConfiguration;
			buildSettings = {
				ALWAYS_SEARCH_USER_PATHS = NO;
				CLANG_ANALYZER_NONNULL = YES;
				CLANG_ANALYZER_NUMBER_OBJECT_CONVERSION = YES_AGGRESSIVE;
				CLANG_CXX_LANGUAGE_STANDARD = "gnu++14";
				CLANG_CXX_LIBRARY = "libc++";
				CLANG_ENABLE_MODULES = YES;
				CLANG_ENABLE_OBJC_ARC = YES;
				CLANG_ENABLE_OBJC_WEAK = YES;
				CLANG_WARN_BLOCK_CAPTURE_AUTORELEASING = YES;
				CLANG_WARN_BOOL_CONVERSION = YES;
				CLANG_WARN_COMMA = YES;
				CLANG_WARN_CONSTANT_CONVERSION = YES;
				CLANG_WARN_DEPRECATED_OBJC_IMPLEMENTATIONS = YES;
				CLANG_WARN_DIRECT_OBJC_ISA_USAGE = YES_ERROR;
				CLANG_WARN_DOCUMENTATION_COMMENTS = YES;
				CLANG_WARN_EMPTY_BODY = YES;
				CLANG_WARN_ENUM_CONVERSION = YES;
				CLANG_WARN_INFINITE_RECURSION = YES;
				CLANG_WARN_INT_CONVERSION = YES;
				CLANG_WARN_NON_LITERAL_NULL_CONVERSION = YES;
				CLANG_WARN_OBJC_IMPLICIT_RETAIN_SELF = YES;
				CLANG_WARN_OBJC_LITERAL_CONVERSION = YES;
				CLANG_WARN_OBJC_ROOT_CLASS = YES_ERROR;
				CLANG_WARN_QUOTED_INCLUDE_IN_FRAMEWORK_HEADER = YES;
				CLANG_WARN_RANGE_LOOP_ANALYSIS = YES;
				CLANG_WARN_STRICT_PROTOTYPES = YES;
				CLANG_WARN_SUSPICIOUS_MOVE = YES;
				CLANG_WARN_UNGUARDED_AVAILABILITY = YES_AGGRESSIVE;
				CLANG_WARN_UNREACHABLE_CODE = YES;
				CLANG_WARN__DUPLICATE_METHOD_MATCH = YES;
				COPY_PHASE_STRIP = NO;
				DEBUG_INFORMATION_FORMAT = dwarf;
				ENABLE_STRICT_OBJC_MSGSEND = YES;
				ENABLE_TESTABILITY = YES;
				GCC_C_LANGUAGE_STANDARD = gnu11;
				GCC_DYNAMIC_NO_PIC = NO;
				GCC_NO_COMMON_BLOCKS = YES;
				GCC_OPTIMIZATION_LEVEL = 0;
				GCC_PREPROCESSOR_DEFINITIONS = (
					"DEBUG=1",
					"$(inherited)",
				);
				GCC_WARN_64_TO_32_BIT_CONVERSION = YES;
				GCC_WARN_ABOUT_RETURN_TYPE = YES_ERROR;
				GCC_WARN_UNDECLARED_SELECTOR = YES;
				GCC_WARN_UNINITIALIZED_AUTOS = YES_AGGRESSIVE;
				GCC_WARN_UNUSED_FUNCTION = YES;
				GCC_WARN_UNUSED_VARIABLE = YES;
				IPHONEOS_DEPLOYMENT_TARGET = 14.4;
				MTL_ENABLE_DEBUG_INFO = INCLUDE_SOURCE;
				MTL_FAST_MATH = YES;
				ONLY_ACTIVE_ARCH = YES;
				SDKROOT = iphoneos;
				SWIFT_ACTIVE_COMPILATION_CONDITIONS = DEBUG;
				SWIFT_OPTIMIZATION_LEVEL = "-Onone";
			};
			name = Debug;
		};
		F05385B42643BA510061C4F8 /* Release */ = {
			isa = XCBuildConfiguration;
			buildSettings = {
				ALWAYS_SEARCH_USER_PATHS = NO;
				CLANG_ANALYZER_NONNULL = YES;
				CLANG_ANALYZER_NUMBER_OBJECT_CONVERSION = YES_AGGRESSIVE;
				CLANG_CXX_LANGUAGE_STANDARD = "gnu++14";
				CLANG_CXX_LIBRARY = "libc++";
				CLANG_ENABLE_MODULES = YES;
				CLANG_ENABLE_OBJC_ARC = YES;
				CLANG_ENABLE_OBJC_WEAK = YES;
				CLANG_WARN_BLOCK_CAPTURE_AUTORELEASING = YES;
				CLANG_WARN_BOOL_CONVERSION = YES;
				CLANG_WARN_COMMA = YES;
				CLANG_WARN_CONSTANT_CONVERSION = YES;
				CLANG_WARN_DEPRECATED_OBJC_IMPLEMENTATIONS = YES;
				CLANG_WARN_DIRECT_OBJC_ISA_USAGE = YES_ERROR;
				CLANG_WARN_DOCUMENTATION_COMMENTS = YES;
				CLANG_WARN_EMPTY_BODY = YES;
				CLANG_WARN_ENUM_CONVERSION = YES;
				CLANG_WARN_INFINITE_RECURSION = YES;
				CLANG_WARN_INT_CONVERSION = YES;
				CLANG_WARN_NON_LITERAL_NULL_CONVERSION = YES;
				CLANG_WARN_OBJC_IMPLICIT_RETAIN_SELF = YES;
				CLANG_WARN_OBJC_LITERAL_CONVERSION = YES;
				CLANG_WARN_OBJC_ROOT_CLASS = YES_ERROR;
				CLANG_WARN_QUOTED_INCLUDE_IN_FRAMEWORK_HEADER = YES;
				CLANG_WARN_RANGE_LOOP_ANALYSIS = YES;
				CLANG_WARN_STRICT_PROTOTYPES = YES;
				CLANG_WARN_SUSPICIOUS_MOVE = YES;
				CLANG_WARN_UNGUARDED_AVAILABILITY = YES_AGGRESSIVE;
				CLANG_WARN_UNREACHABLE_CODE = YES;
				CLANG_WARN__DUPLICATE_METHOD_MATCH = YES;
				COPY_PHASE_STRIP = NO;
				DEBUG_INFORMATION_FORMAT = "dwarf-with-dsym";
				ENABLE_NS_ASSERTIONS = NO;
				ENABLE_STRICT_OBJC_MSGSEND = YES;
				GCC_C_LANGUAGE_STANDARD = gnu11;
				GCC_NO_COMMON_BLOCKS = YES;
				GCC_WARN_64_TO_32_BIT_CONVERSION = YES;
				GCC_WARN_ABOUT_RETURN_TYPE = YES_ERROR;
				GCC_WARN_UNDECLARED_SELECTOR = YES;
				GCC_WARN_UNINITIALIZED_AUTOS = YES_AGGRESSIVE;
				GCC_WARN_UNUSED_FUNCTION = YES;
				GCC_WARN_UNUSED_VARIABLE = YES;
				IPHONEOS_DEPLOYMENT_TARGET = 14.4;
				MTL_ENABLE_DEBUG_INFO = NO;
				MTL_FAST_MATH = YES;
				SDKROOT = iphoneos;
				SWIFT_COMPILATION_MODE = wholemodule;
				SWIFT_OPTIMIZATION_LEVEL = "-O";
				VALIDATE_PRODUCT = YES;
			};
			name = Release;
		};
		F05385B62643BA510061C4F8 /* Debug */ = {
			isa = XCBuildConfiguration;
			buildSettings = {
				ASSETCATALOG_COMPILER_APPICON_NAME = AppIcon;
				ASSETCATALOG_COMPILER_GLOBAL_ACCENT_COLOR_NAME = AccentColor;
				CODE_SIGN_STYLE = Automatic;
				DEVELOPMENT_TEAM = DU6T2N6B5L;
				INFOPLIST_FILE = ActPersistenciaPDM/Info.plist;
				LD_RUNPATH_SEARCH_PATHS = (
					"$(inherited)",
					"@executable_path/Frameworks",
				);
				PRODUCT_BUNDLE_IDENTIFIER = ITESM.ActPersistenciaPDM;
				PRODUCT_NAME = "$(TARGET_NAME)";
				SWIFT_VERSION = 5.0;
				TARGETED_DEVICE_FAMILY = "1,2";
			};
			name = Debug;
		};
		F05385B72643BA510061C4F8 /* Release */ = {
			isa = XCBuildConfiguration;
			buildSettings = {
				ASSETCATALOG_COMPILER_APPICON_NAME = AppIcon;
				ASSETCATALOG_COMPILER_GLOBAL_ACCENT_COLOR_NAME = AccentColor;
				CODE_SIGN_STYLE = Automatic;
				DEVELOPMENT_TEAM = DU6T2N6B5L;
				INFOPLIST_FILE = ActPersistenciaPDM/Info.plist;
				LD_RUNPATH_SEARCH_PATHS = (
					"$(inherited)",
					"@executable_path/Frameworks",
				);
				PRODUCT_BUNDLE_IDENTIFIER = ITESM.ActPersistenciaPDM;
				PRODUCT_NAME = "$(TARGET_NAME)";
				SWIFT_VERSION = 5.0;
				TARGETED_DEVICE_FAMILY = "1,2";
			};
			name = Release;
		};
/* End XCBuildConfiguration section */

/* Begin XCConfigurationList section */
		F053859C2643BA4D0061C4F8 /* Build configuration list for PBXProject "ActPersistenciaPDM" */ = {
			isa = XCConfigurationList;
			buildConfigurations = (
				F05385B32643BA510061C4F8 /* Debug */,
				F05385B42643BA510061C4F8 /* Release */,
			);
			defaultConfigurationIsVisible = 0;
			defaultConfigurationName = Release;
		};
		F05385B52643BA510061C4F8 /* Build configuration list for PBXNativeTarget "ActPersistenciaPDM" */ = {
			isa = XCConfigurationList;
			buildConfigurations = (
				F05385B62643BA510061C4F8 /* Debug */,
				F05385B72643BA510061C4F8 /* Release */,
			);
			defaultConfigurationIsVisible = 0;
			defaultConfigurationName = Release;
		};
/* End XCConfigurationList section */
	};
	rootObject = F05385992643BA4D0061C4F8 /* Project object */;
}
